
Microsoft Visual Studio Solution File, Format Version 12.00
# Visual Studio Version 17
VisualStudioVersion = 17.2.32602.215
MinimumVisualStudioVersion = 10.0.40219.1
Project("{FAE04EC0-301F-11D3-BF4B-00C04F79EFBC}") = "FreeBooks", "FreeBooks\FreeBooks.csproj", "{D8B58C58-9FEA-41F9-91B5-4D65A1DD02CF}"
EndProject
Project("{FAE04EC0-301F-11D3-BF4B-00C04F79EFBC}") = "Domain", "Domain\Domain.csproj", "{EA4EC651-1BDE-4F27-B444-D12C1D3D810D}"
EndProject
Project("{FAE04EC0-301F-11D3-BF4B-00C04F79EFBC}") = "Infrastructure", "Infrastructure\Infrastructure.csproj", "{01A80DA4-0F01-40D4-A59B-AE6572FC2C53}"
EndProject
Global
	GlobalSection(SolutionConfigurationPlatforms) = preSolution
		Debug|Any CPU = Debug|Any CPU
		Release|Any CPU = Release|Any CPU
	EndGlobalSection
	GlobalSection(ProjectConfigurationPlatforms) = postSolution
		{D8B58C58-9FEA-41F9-91B5-4D65A1DD02CF}.Debug|Any CPU.ActiveCfg = Debug|Any CPU
		{D8B58C58-9FEA-41F9-91B5-4D65A1DD02CF}.Debug|Any CPU.Build.0 = Debug|Any CPU
		{D8B58C58-9FEA-41F9-91B5-4D65A1DD02CF}.Release|Any CPU.ActiveCfg = Release|Any CPU
		{D8B58C58-9FEA-41F9-91B5-4D65A1DD02CF}.Release|Any CPU.Build.0 = Release|Any CPU
		{EA4EC651-1BDE-4F27-B444-D12C1D3D810D}.Debug|Any CPU.ActiveCfg = Debug|Any CPU
		{EA4EC651-1BDE-4F27-B444-D12C1D3D810D}.Debug|Any CPU.Build.0 = Debug|Any CPU
		{EA4EC651-1BDE-4F27-B444-D12C1D3D810D}.Release|Any CPU.ActiveCfg = Release|Any CPU
		{EA4EC651-1BDE-4F27-B444-D12C1D3D810D}.Release|Any CPU.Build.0 = Release|Any CPU
		{01A80DA4-0F01-40D4-A59B-AE6572FC2C53}.Debug|Any CPU.ActiveCfg = Debug|Any CPU
		{01A80DA4-0F01-40D4-A59B-AE6572FC2C53}.Debug|Any CPU.Build.0 = Debug|Any CPU
		{01A80DA4-0F01-40D4-A59B-AE6572FC2C53}.Release|Any CPU.ActiveCfg = Release|Any CPU
		{01A80DA4-0F01-40D4-A59B-AE6572FC2C53}.Release|Any CPU.Build.0 = Release|Any CPU
	EndGlobalSection
	GlobalSection(SolutionProperties) = preSolution
		HideSolutionNode = FALSE
	EndGlobalSection
	GlobalSection(ExtensibilityGlobals) = postSolution
		SolutionGuid = {91E85EC1-C8AD-4D76-9F61-AE8BC5D0E1EE}
	EndGlobalSection
EndGlobal
